// !$*UTF8*$!
{
	archiveVersion = 1;
	classes = {
	};
	objectVersion = 77;
	objects = {

/* Begin PBXBuildFile section */
		8130F8042D7E08E300D0E624 /* FirebaseVertexAI in Frameworks */ = {isa = PBXBuildFile; productRef = 8130F8032D7E08E300D0E624 /* FirebaseVertexAI */; };
		81862CC82D84A39C00D0E35D /* SuperwallKit in Frameworks */ = {isa = PBXBuildFile; productRef = 81862CC72D84A39C00D0E35D /* SuperwallKit */; };
		81862CCB2D84A52200D0E35D /* RevenueCat in Frameworks */ = {isa = PBXBuildFile; productRef = 81862CCA2D84A52200D0E35D /* RevenueCat */; };
		81862CCD2D84A52200D0E35D /* RevenueCatUI in Frameworks */ = {isa = PBXBuildFile; productRef = 81862CCC2D84A52200D0E35D /* RevenueCatUI */; };
		819F2BE92D7C64F20028C5DD /* FirebaseAnalytics in Frameworks */ = {isa = PBXBuildFile; productRef = 819F2BE82D7C64F20028C5DD /* FirebaseAnalytics */; };
		819F2BEB2D7C64F20028C5DD /* FirebaseAnalyticsWithoutAdIdSupport in Frameworks */ = {isa = PBXBuildFile; productRef = 819F2BEA2D7C64F20028C5DD /* FirebaseAnalyticsWithoutAdIdSupport */; };
		F8EA3CABF1ADD00FA146BCB3 /* Pods_AssistantAi.framework in Frameworks */ = {isa = PBXBuildFile; fileRef = E2E919B2B37A764207885906 /* Pods_AssistantAi.framework */; };
/* End PBXBuildFile section */

/* Begin PBXFileReference section */
		0284555F654DFF23D0F90C3C /* Pods-AssistantAi.debug.xcconfig */ = {isa = PBXFileReference; includeInIndex = 1; lastKnownFileType = text.xcconfig; name = "Pods-AssistantAi.debug.xcconfig"; path = "Target Support Files/Pods-AssistantAi/Pods-AssistantAi.debug.xcconfig"; sourceTree = "<group>"; };
		4F107B46A264DB08741D103A /* Pods-AssistantAi.release.xcconfig */ = {isa = PBXFileReference; includeInIndex = 1; lastKnownFileType = text.xcconfig; name = "Pods-AssistantAi.release.xcconfig"; path = "Target Support Files/Pods-AssistantAi/Pods-AssistantAi.release.xcconfig"; sourceTree = "<group>"; };
		817B777B2D79BEDC0069841F /* AssistantAi.app */ = {isa = PBXFileReference; explicitFileType = wrapper.application; includeInIndex = 0; path = AssistantAi.app; sourceTree = BUILT_PRODUCTS_DIR; };
		E2E919B2B37A764207885906 /* Pods_AssistantAi.framework */ = {isa = PBXFileReference; explicitFileType = wrapper.framework; includeInIndex = 0; path = Pods_AssistantAi.framework; sourceTree = BUILT_PRODUCTS_DIR; };
/* End PBXFileReference section */

/* Begin PBXFileSystemSynchronizedBuildFileExceptionSet section */
		8102DA332D7EE08700D9B730 /* Exceptions for "AssistantAi" folder in "AssistantAi" target */ = {
			isa = PBXFileSystemSynchronizedBuildFileExceptionSet;
			membershipExceptions = (
				Info.plist,
			);
			target = 817B777A2D79BEDC0069841F /* AssistantAi */;
		};
/* End PBXFileSystemSynchronizedBuildFileExceptionSet section */

/* Begin PBXFileSystemSynchronizedRootGroup section */
		817B777D2D79BEDC0069841F /* AssistantAi */ = {
			isa = PBXFileSystemSynchronizedRootGroup;
			exceptions = (
				8102DA332D7EE08700D9B730 /* Exceptions for "AssistantAi" folder in "AssistantAi" target */,
			);
			path = AssistantAi;
			sourceTree = "<group>";
		};
/* End PBXFileSystemSynchronizedRootGroup section */

/* Begin PBXFrameworksBuildPhase section */
		817B77782D79BEDC0069841F /* Frameworks */ = {
			isa = PBXFrameworksBuildPhase;
			buildActionMask = 2147483647;
			files = (
				819F2BE92D7C64F20028C5DD /* FirebaseAnalytics in Frameworks */,
				8130F8042D7E08E300D0E624 /* FirebaseVertexAI in Frameworks */,
				81862CCD2D84A52200D0E35D /* RevenueCatUI in Frameworks */,
				81862CCB2D84A52200D0E35D /* RevenueCat in Frameworks */,
				819F2BEB2D7C64F20028C5DD /* FirebaseAnalyticsWithoutAdIdSupport in Frameworks */,
				81862CC82D84A39C00D0E35D /* SuperwallKit in Frameworks */,
				F8EA3CABF1ADD00FA146BCB3 /* Pods_AssistantAi.framework in Frameworks */,
			);
			runOnlyForDeploymentPostprocessing = 0;
		};
/* End PBXFrameworksBuildPhase section */

/* Begin PBXGroup section */
		13F3E6DEBA5FA7626D4FC2BC /* Pods */ = {
			isa = PBXGroup;
			children = (
				0284555F654DFF23D0F90C3C /* Pods-AssistantAi.debug.xcconfig */,
				4F107B46A264DB08741D103A /* Pods-AssistantAi.release.xcconfig */,
			);
			path = Pods;
			sourceTree = "<group>";
		};
		817B77722D79BEDC0069841F = {
			isa = PBXGroup;
			children = (
				817B777D2D79BEDC0069841F /* AssistantAi */,
				819F2BF22D7C66D60028C5DD /* Frameworks */,
				817B777C2D79BEDC0069841F /* Products */,
				13F3E6DEBA5FA7626D4FC2BC /* Pods */,
			);
			sourceTree = "<group>";
		};
		817B777C2D79BEDC0069841F /* Products */ = {
			isa = PBXGroup;
			children = (
				817B777B2D79BEDC0069841F /* AssistantAi.app */,
			);
			name = Products;
			sourceTree = "<group>";
		};
		819F2BF22D7C66D60028C5DD /* Frameworks */ = {
			isa = PBXGroup;
			children = (
				E2E919B2B37A764207885906 /* Pods_AssistantAi.framework */,
			);
			name = Frameworks;
			sourceTree = "<group>";
		};
/* End PBXGroup section */

/* Begin PBXNativeTarget section */
		817B777A2D79BEDC0069841F /* AssistantAi */ = {
			isa = PBXNativeTarget;
			buildConfigurationList = 817B77892D79BEDE0069841F /* Build configuration list for PBXNativeTarget "AssistantAi" */;
			buildPhases = (
				E3112687B0EB1EFD72DAEDA4 /* [CP] Check Pods Manifest.lock */,
				817B77772D79BEDC0069841F /* Sources */,
				817B77782D79BEDC0069841F /* Frameworks */,
				817B77792D79BEDC0069841F /* Resources */,
				81862CC52D849C2D00D0E35D /* ShellScript */,
			);
			buildRules = (
			);
			dependencies = (
			);
			fileSystemSynchronizedGroups = (
				817B777D2D79BEDC0069841F /* AssistantAi */,
			);
			name = AssistantAi;
			packageProductDependencies = (
				819F2BE82D7C64F20028C5DD /* FirebaseAnalytics */,
				819F2BEA2D7C64F20028C5DD /* FirebaseAnalyticsWithoutAdIdSupport */,
				8130F8032D7E08E300D0E624 /* FirebaseVertexAI */,
				81862CC72D84A39C00D0E35D /* SuperwallKit */,
				81862CCA2D84A52200D0E35D /* RevenueCat */,
				81862CCC2D84A52200D0E35D /* RevenueCatUI */,
			);
			productName = AssistantAi;
			productReference = 817B777B2D79BEDC0069841F /* AssistantAi.app */;
			productType = "com.apple.product-type.application";
		};
/* End PBXNativeTarget section */

/* Begin PBXProject section */
		817B77732D79BEDC0069841F /* Project object */ = {
			isa = PBXProject;
			attributes = {
				BuildIndependentTargetsInParallel = 1;
				LastSwiftUpdateCheck = 1620;
				LastUpgradeCheck = 1620;
				TargetAttributes = {
					817B777A2D79BEDC0069841F = {
						CreatedOnToolsVersion = 16.2;
					};
				};
			};
			buildConfigurationList = 817B77762D79BEDC0069841F /* Build configuration list for PBXProject "AssistantAi" */;
			developmentRegion = en;
			hasScannedForEncodings = 0;
			knownRegions = (
				en,
				Base,
			);
			mainGroup = 817B77722D79BEDC0069841F;
			minimizedProjectReferenceProxies = 1;
			packageReferences = (
				819F2BE72D7C64F20028C5DD /* XCRemoteSwiftPackageReference "firebase-ios-sdk" */,
				81862CC62D84A39C00D0E35D /* XCRemoteSwiftPackageReference "Superwall-iOS" */,
				81862CC92D84A52200D0E35D /* XCRemoteSwiftPackageReference "purchases-ios-spm" */,
			);
			preferredProjectObjectVersion = 77;
			productRefGroup = 817B777C2D79BEDC0069841F /* Products */;
			projectDirPath = "";
			projectRoot = "";
			targets = (
				817B777A2D79BEDC0069841F /* AssistantAi */,
			);
		};
/* End PBXProject section */

/* Begin PBXResourcesBuildPhase section */
		817B77792D79BEDC0069841F /* Resources */ = {
			isa = PBXResourcesBuildPhase;
			buildActionMask = 2147483647;
			files = (
			);
			runOnlyForDeploymentPostprocessing = 0;
		};
/* End PBXResourcesBuildPhase section */

/* Begin PBXShellScriptBuildPhase section */
		81862CC52D849C2D00D0E35D /* ShellScript */ = {
			isa = PBXShellScriptBuildPhase;
			buildActionMask = 2147483647;
			files = (
			);
			inputFileListPaths = (
			);
			inputPaths = (
				"${DWARF_DSYM_FOLDER_PATH}/${DWARF_DSYM_FILE_NAME}",
				"${DWARF_DSYM_FOLDER_PATH}/${DWARF_DSYM_FILE_NAME}/Contents/Resources/DWARF/${PRODUCT_NAME}",
				"${DWARF_DSYM_FOLDER_PATH}/${DWARF_DSYM_FILE_NAME}/Contents/Info.plist",
				"$(TARGET_BUILD_DIR)/$(UNLOCALIZED_RESOURCES_FOLDER_PATH)/GoogleService-Info.plist",
				"$(TARGET_BUILD_DIR)/$(EXECUTABLE_PATH)",
			);
			outputFileListPaths = (
			);
			outputPaths = (
			);
			runOnlyForDeploymentPostprocessing = 0;
			shellPath = /bin/sh;
			shellScript = "# Type a script or drag a script file from your workspace to insert its path.\n\"${BUILD_DIR%/Build/*}/SourcePackages/checkouts/firebase-ios-sdk/Crashlytics/run\"\n";
		};
		E3112687B0EB1EFD72DAEDA4 /* [CP] Check Pods Manifest.lock */ = {
			isa = PBXShellScriptBuildPhase;
			buildActionMask = 2147483647;
			files = (
			);
			inputFileListPaths = (
			);
			inputPaths = (
				"${PODS_PODFILE_DIR_PATH}/Podfile.lock",
				"${PODS_ROOT}/Manifest.lock",
			);
			name = "[CP] Check Pods Manifest.lock";
			outputFileListPaths = (
			);
			outputPaths = (
				"$(DERIVED_FILE_DIR)/Pods-AssistantAi-checkManifestLockResult.txt",
			);
			runOnlyForDeploymentPostprocessing = 0;
			shellPath = /bin/sh;
			shellScript = "diff \"${PODS_PODFILE_DIR_PATH}/Podfile.lock\" \"${PODS_ROOT}/Manifest.lock\" > /dev/null\nif [ $? != 0 ] ; then\n    # print error to STDERR\n    echo \"error: The sandbox is not in sync with the Podfile.lock. Run 'pod install' or update your CocoaPods installation.\" >&2\n    exit 1\nfi\n# This output is used by Xcode 'outputs' to avoid re-running this script phase.\necho \"SUCCESS\" > \"${SCRIPT_OUTPUT_FILE_0}\"\n";
			showEnvVarsInLog = 0;
		};
/* End PBXShellScriptBuildPhase section */

/* Begin PBXSourcesBuildPhase section */
		817B77772D79BEDC0069841F /* Sources */ = {
			isa = PBXSourcesBuildPhase;
			buildActionMask = 2147483647;
			files = (
			);
			runOnlyForDeploymentPostprocessing = 0;
		};
/* End PBXSourcesBuildPhase section */

/* Begin XCBuildConfiguration section */
		817B77872D79BEDE0069841F /* Debug */ = {
			isa = XCBuildConfiguration;
			buildSettings = {
				ALWAYS_SEARCH_USER_PATHS = NO;
				ASSETCATALOG_COMPILER_GENERATE_SWIFT_ASSET_SYMBOL_EXTENSIONS = YES;
				CLANG_ANALYZER_NONNULL = YES;
				CLANG_ANALYZER_NUMBER_OBJECT_CONVERSION = YES_AGGRESSIVE;
				CLANG_CXX_LANGUAGE_STANDARD = "gnu++20";
				CLANG_ENABLE_MODULES = YES;
				CLANG_ENABLE_OBJC_ARC = YES;
				CLANG_ENABLE_OBJC_WEAK = YES;
				CLANG_WARN_BLOCK_CAPTURE_AUTORELEASING = YES;
				CLANG_WARN_BOOL_CONVERSION = YES;
				CLANG_WARN_COMMA = YES;
				CLANG_WARN_CONSTANT_CONVERSION = YES;
				CLANG_WARN_DEPRECATED_OBJC_IMPLEMENTATIONS = YES;
				CLANG_WARN_DIRECT_OBJC_ISA_USAGE = YES_ERROR;
				CLANG_WARN_DOCUMENTATION_COMMENTS = YES;
				CLANG_WARN_EMPTY_BODY = YES;
				CLANG_WARN_ENUM_CONVERSION = YES;
				CLANG_WARN_INFINITE_RECURSION = YES;
				CLANG_WARN_INT_CONVERSION = YES;
				CLANG_WARN_NON_LITERAL_NULL_CONVERSION = YES;
				CLANG_WARN_OBJC_IMPLICIT_RETAIN_SELF = YES;
				CLANG_WARN_OBJC_LITERAL_CONVERSION = YES;
				CLANG_WARN_OBJC_ROOT_CLASS = YES_ERROR;
				CLANG_WARN_QUOTED_INCLUDE_IN_FRAMEWORK_HEADER = YES;
				CLANG_WARN_RANGE_LOOP_ANALYSIS = YES;
				CLANG_WARN_STRICT_PROTOTYPES = YES;
				CLANG_WARN_SUSPICIOUS_MOVE = YES;
				CLANG_WARN_UNGUARDED_AVAILABILITY = YES_AGGRESSIVE;
				CLANG_WARN_UNREACHABLE_CODE = YES;
				CLANG_WARN__DUPLICATE_METHOD_MATCH = YES;
				COPY_PHASE_STRIP = NO;
				DEBUG_INFORMATION_FORMAT = dwarf;
				ENABLE_STRICT_OBJC_MSGSEND = YES;
				ENABLE_TESTABILITY = YES;
				ENABLE_USER_SCRIPT_SANDBOXING = YES;
				GCC_C_LANGUAGE_STANDARD = gnu17;
				GCC_DYNAMIC_NO_PIC = NO;
				GCC_NO_COMMON_BLOCKS = YES;
				GCC_OPTIMIZATION_LEVEL = 0;
				GCC_PREPROCESSOR_DEFINITIONS = (
					"DEBUG=1",
					"$(inherited)",
				);
				GCC_WARN_64_TO_32_BIT_CONVERSION = YES;
				GCC_WARN_ABOUT_RETURN_TYPE = YES_ERROR;
				GCC_WARN_UNDECLARED_SELECTOR = YES;
				GCC_WARN_UNINITIALIZED_AUTOS = YES_AGGRESSIVE;
				GCC_WARN_UNUSED_FUNCTION = YES;
				GCC_WARN_UNUSED_VARIABLE = YES;
				IPHONEOS_DEPLOYMENT_TARGET = 18.2;
				LOCALIZATION_PREFERS_STRING_CATALOGS = YES;
				MTL_ENABLE_DEBUG_INFO = INCLUDE_SOURCE;
				MTL_FAST_MATH = YES;
				ONLY_ACTIVE_ARCH = YES;
				SDKROOT = iphoneos;
				SWIFT_ACTIVE_COMPILATION_CONDITIONS = "DEBUG $(inherited)";
				SWIFT_OPTIMIZATION_LEVEL = "-Onone";
			};
			name = Debug;
		};
		817B77882D79BEDE0069841F /* Release */ = {
			isa = XCBuildConfiguration;
			buildSettings = {
				ALWAYS_SEARCH_USER_PATHS = NO;
				ASSETCATALOG_COMPILER_GENERATE_SWIFT_ASSET_SYMBOL_EXTENSIONS = YES;
				CLANG_ANALYZER_NONNULL = YES;
				CLANG_ANALYZER_NUMBER_OBJECT_CONVERSION = YES_AGGRESSIVE;
				CLANG_CXX_LANGUAGE_STANDARD = "gnu++20";
				CLANG_ENABLE_MODULES = YES;
				CLANG_ENABLE_OBJC_ARC = YES;
				CLANG_ENABLE_OBJC_WEAK = YES;
				CLANG_WARN_BLOCK_CAPTURE_AUTORELEASING = YES;
				CLANG_WARN_BOOL_CONVERSION = YES;
				CLANG_WARN_COMMA = YES;
				CLANG_WARN_CONSTANT_CONVERSION = YES;
				CLANG_WARN_DEPRECATED_OBJC_IMPLEMENTATIONS = YES;
				CLANG_WARN_DIRECT_OBJC_ISA_USAGE = YES_ERROR;
				CLANG_WARN_DOCUMENTATION_COMMENTS = YES;
				CLANG_WARN_EMPTY_BODY = YES;
				CLANG_WARN_ENUM_CONVERSION = YES;
				CLANG_WARN_INFINITE_RECURSION = YES;
				CLANG_WARN_INT_CONVERSION = YES;
				CLANG_WARN_NON_LITERAL_NULL_CONVERSION = YES;
				CLANG_WARN_OBJC_IMPLICIT_RETAIN_SELF = YES;
				CLANG_WARN_OBJC_LITERAL_CONVERSION = YES;
				CLANG_WARN_OBJC_ROOT_CLASS = YES_ERROR;
				CLANG_WARN_QUOTED_INCLUDE_IN_FRAMEWORK_HEADER = YES;
				CLANG_WARN_RANGE_LOOP_ANALYSIS = YES;
				CLANG_WARN_STRICT_PROTOTYPES = YES;
				CLANG_WARN_SUSPICIOUS_MOVE = YES;
				CLANG_WARN_UNGUARDED_AVAILABILITY = YES_AGGRESSIVE;
				CLANG_WARN_UNREACHABLE_CODE = YES;
				CLANG_WARN__DUPLICATE_METHOD_MATCH = YES;
				COPY_PHASE_STRIP = NO;
				DEBUG_INFORMATION_FORMAT = "dwarf-with-dsym";
				ENABLE_NS_ASSERTIONS = NO;
				ENABLE_STRICT_OBJC_MSGSEND = YES;
				ENABLE_USER_SCRIPT_SANDBOXING = YES;
				GCC_C_LANGUAGE_STANDARD = gnu17;
				GCC_NO_COMMON_BLOCKS = YES;
				GCC_WARN_64_TO_32_BIT_CONVERSION = YES;
				GCC_WARN_ABOUT_RETURN_TYPE = YES_ERROR;
				GCC_WARN_UNDECLARED_SELECTOR = YES;
				GCC_WARN_UNINITIALIZED_AUTOS = YES_AGGRESSIVE;
				GCC_WARN_UNUSED_FUNCTION = YES;
				GCC_WARN_UNUSED_VARIABLE = YES;
				IPHONEOS_DEPLOYMENT_TARGET = 18.2;
				LOCALIZATION_PREFERS_STRING_CATALOGS = YES;
				MTL_ENABLE_DEBUG_INFO = NO;
				MTL_FAST_MATH = YES;
				SDKROOT = iphoneos;
				SWIFT_COMPILATION_MODE = wholemodule;
				VALIDATE_PRODUCT = YES;
			};
			name = Release;
		};
		817B778A2D79BEDE0069841F /* Debug */ = {
			isa = XCBuildConfiguration;
			baseConfigurationReference = 0284555F654DFF23D0F90C3C /* Pods-AssistantAi.debug.xcconfig */;
			buildSettings = {
				ASSETCATALOG_COMPILER_APPICON_NAME = AppIcon;
				ASSETCATALOG_COMPILER_GLOBAL_ACCENT_COLOR_NAME = AccentColor;
				CODE_SIGN_IDENTITY = "Apple Development";
				CODE_SIGN_STYLE = Automatic;
				CURRENT_PROJECT_VERSION = 8;
				DEBUG_INFORMATION_FORMAT = "dwarf-with-dsym";
				DEVELOPMENT_ASSET_PATHS = "\"AssistantAi/Preview Content\"";
				DEVELOPMENT_TEAM = "";
				ENABLE_PREVIEWS = YES;
				GENERATE_INFOPLIST_FILE = YES;
				INFOPLIST_FILE = AssistantAi/Info.plist;
				INFOPLIST_KEY_CFBundleDisplayName = "AI Assistant";
				INFOPLIST_KEY_LSApplicationCategoryType = "public.app-category.productivity";
				INFOPLIST_KEY_NSCameraUsageDescription = "This app uses the camera to capture images for AI-powered analysis, enabling features like text recognition and content generation.";
				INFOPLIST_KEY_UIApplicationSceneManifest_Generation = YES;
				INFOPLIST_KEY_UIApplicationSupportsIndirectInputEvents = YES;
				INFOPLIST_KEY_UILaunchScreen_Generation = YES;
				INFOPLIST_KEY_UILaunchStoryboardName = "Launch Screen.storyboard";
				INFOPLIST_KEY_UIRequiresFullScreen = YES;
				INFOPLIST_KEY_UISupportedInterfaceOrientations = "UIInterfaceOrientationPortrait UIInterfaceOrientationPortraitUpsideDown";
				IPHONEOS_DEPLOYMENT_TARGET = 16.0;
				LD_RUNPATH_SEARCH_PATHS = (
					"$(inherited)",
					"@executable_path/Frameworks",
				);
				MARKETING_VERSION = 1.0.7;
				OTHER_LDFLAGS = "-ObjC";
				PRODUCT_BUNDLE_IDENTIFIER = com.patt.assistant.ai;
				PRODUCT_NAME = "$(TARGET_NAME)";
				PROVISIONING_PROFILE_SPECIFIER = "";
				SWIFT_EMIT_LOC_STRINGS = YES;
				SWIFT_VERSION = 5.0;
				TARGETED_DEVICE_FAMILY = "1,2";
			};
			name = Debug;
		};
		817B778B2D79BEDE0069841F /* Release */ = {
			isa = XCBuildConfiguration;
			baseConfigurationReference = 4F107B46A264DB08741D103A /* Pods-AssistantAi.release.xcconfig */;
			buildSettings = {
				ASSETCATALOG_COMPILER_APPICON_NAME = AppIcon;
				ASSETCATALOG_COMPILER_GLOBAL_ACCENT_COLOR_NAME = AccentColor;
				CODE_SIGN_IDENTITY = "Apple Development";
				CODE_SIGN_STYLE = Automatic;
				CURRENT_PROJECT_VERSION = 8;
				DEVELOPMENT_ASSET_PATHS = "\"AssistantAi/Preview Content\"";
				DEVELOPMENT_TEAM = "";
				ENABLE_PREVIEWS = YES;
				GENERATE_INFOPLIST_FILE = YES;
				INFOPLIST_FILE = AssistantAi/Info.plist;
				INFOPLIST_KEY_CFBundleDisplayName = "AI Assistant";
				INFOPLIST_KEY_LSApplicationCategoryType = "public.app-category.productivity";
				INFOPLIST_KEY_NSCameraUsageDescription = "This app uses the camera to capture images for AI-powered analysis, enabling features like text recognition and content generation.";
				INFOPLIST_KEY_UIApplicationSceneManifest_Generation = YES;
				INFOPLIST_KEY_UIApplicationSupportsIndirectInputEvents = YES;
				INFOPLIST_KEY_UILaunchScreen_Generation = YES;
				INFOPLIST_KEY_UILaunchStoryboardName = "Launch Screen.storyboard";
				INFOPLIST_KEY_UIRequiresFullScreen = YES;
				INFOPLIST_KEY_UISupportedInterfaceOrientations = "UIInterfaceOrientationPortrait UIInterfaceOrientationPortraitUpsideDown";
				IPHONEOS_DEPLOYMENT_TARGET = 16.0;
				LD_RUNPATH_SEARCH_PATHS = (
					"$(inherited)",
					"@executable_path/Frameworks",
				);
				MARKETING_VERSION = 1.0.7;
				OTHER_LDFLAGS = "-ObjC";
				PRODUCT_BUNDLE_IDENTIFIER = com.patt.assistant.ai;
				PRODUCT_NAME = "$(TARGET_NAME)";
				PROVISIONING_PROFILE_SPECIFIER = "";
				SWIFT_EMIT_LOC_STRINGS = YES;
				SWIFT_VERSION = 5.0;
				TARGETED_DEVICE_FAMILY = "1,2";
			};
			name = Release;
		};
/* End XCBuildConfiguration section */

/* Begin XCConfigurationList section */
		817B77762D79BEDC0069841F /* Build configuration list for PBXProject "AssistantAi" */ = {
			isa = XCConfigurationList;
			buildConfigurations = (
				817B77872D79BEDE0069841F /* Debug */,
				817B77882D79BEDE0069841F /* Release */,
			);
			defaultConfigurationIsVisible = 0;
			defaultConfigurationName = Release;
		};
		817B77892D79BEDE0069841F /* Build configuration list for PBXNativeTarget "AssistantAi" */ = {
			isa = XCConfigurationList;
			buildConfigurations = (
				817B778A2D79BEDE0069841F /* Debug */,
				817B778B2D79BEDE0069841F /* Release */,
			);
			defaultConfigurationIsVisible = 0;
			defaultConfigurationName = Release;
		};
/* End XCConfigurationList section */

/* Begin XCRemoteSwiftPackageReference section */
		81862CC62D84A39C00D0E35D /* XCRemoteSwiftPackageReference "Superwall-iOS" */ = {
			isa = XCRemoteSwiftPackageReference;
			repositoryURL = "https://github.com/superwall/Superwall-iOS";
			requirement = {
				kind = upToNextMajorVersion;
				minimumVersion = 4.0.3;
			};
		};
		81862CC92D84A52200D0E35D /* XCRemoteSwiftPackageReference "purchases-ios-spm" */ = {
			isa = XCRemoteSwiftPackageReference;
			repositoryURL = "https://github.com/RevenueCat/purchases-ios-spm.git";
			requirement = {
				kind = upToNextMajorVersion;
				minimumVersion = 5.19.0;
			};
		};
		819F2BE72D7C64F20028C5DD /* XCRemoteSwiftPackageReference "firebase-ios-sdk" */ = {
			isa = XCRemoteSwiftPackageReference;
			repositoryURL = "https://github.com/firebase/firebase-ios-sdk";
			requirement = {
				kind = upToNextMajorVersion;
				minimumVersion = 11.9.0;
			};
		};
/* End XCRemoteSwiftPackageReference section */

/* Begin XCSwiftPackageProductDependency section */
		8130F8032D7E08E300D0E624 /* FirebaseVertexAI */ = {
			isa = XCSwiftPackageProductDependency;
			package = 819F2BE72D7C64F20028C5DD /* XCRemoteSwiftPackageReference "firebase-ios-sdk" */;
			productName = FirebaseVertexAI;
		};
		81862CC72D84A39C00D0E35D /* SuperwallKit */ = {
			isa = XCSwiftPackageProductDependency;
			package = 81862CC62D84A39C00D0E35D /* XCRemoteSwiftPackageReference "Superwall-iOS" */;
			productName = SuperwallKit;
		};
		81862CCA2D84A52200D0E35D /* RevenueCat */ = {
			isa = XCSwiftPackageProductDependency;
			package = 81862CC92D84A52200D0E35D /* XCRemoteSwiftPackageReference "purchases-ios-spm" */;
			productName = RevenueCat;
		};
		81862CCC2D84A52200D0E35D /* RevenueCatUI */ = {
			isa = XCSwiftPackageProductDependency;
			package = 81862CC92D84A52200D0E35D /* XCRemoteSwiftPackageReference "purchases-ios-spm" */;
			productName = RevenueCatUI;
		};
		819F2BE82D7C64F20028C5DD /* FirebaseAnalytics */ = {
			isa = XCSwiftPackageProductDependency;
			package = 819F2BE72D7C64F20028C5DD /* XCRemoteSwiftPackageReference "firebase-ios-sdk" */;
			productName = FirebaseAnalytics;
		};
		819F2BEA2D7C64F20028C5DD /* FirebaseAnalyticsWithoutAdIdSupport */ = {
			isa = XCSwiftPackageProductDependency;
			package = 819F2BE72D7C64F20028C5DD /* XCRemoteSwiftPackageReference "firebase-ios-sdk" */;
			productName = FirebaseAnalyticsWithoutAdIdSupport;
		};
/* End XCSwiftPackageProductDependency section */
	};
	rootObject = 817B77732D79BEDC0069841F /* Project object */;
}
